
Microsoft Visual Studio Solution File, Format Version 12.00
# Visual Studio Version 17
VisualStudioVersion = 17.5.002.0
MinimumVisualStudioVersion = 10.0.40219.1
Project("{9A19103F-16F7-4668-BE54-9A1E7A4F7556}") = "ProyectoTickets", "ProyectoTickets.csproj", "{D7D3AF64-963F-4B3C-B321-1298888AF1F0}"
EndProject
Global
	GlobalSection(SolutionConfigurationPlatforms) = preSolution
		Debug|Any CPU = Debug|Any CPU
		Release|Any CPU = Release|Any CPU
	EndGlobalSection
	GlobalSection(ProjectConfigurationPlatforms) = postSolution
		{D7D3AF64-963F-4B3C-B321-1298888AF1F0}.Debug|Any CPU.ActiveCfg = Debug|Any CPU
		{D7D3AF64-963F-4B3C-B321-1298888AF1F0}.Debug|Any CPU.Build.0 = Debug|Any CPU
		{D7D3AF64-963F-4B3C-B321-1298888AF1F0}.Release|Any CPU.ActiveCfg = Release|Any CPU
		{D7D3AF64-963F-4B3C-B321-1298888AF1F0}.Release|Any CPU.Build.0 = Release|Any CPU
	EndGlobalSection
	GlobalSection(SolutionProperties) = preSolution
		HideSolutionNode = FALSE
	EndGlobalSection
	GlobalSection(ExtensibilityGlobals) = postSolution
		SolutionGuid = {070F4069-D693-4DED-9283-C0E8E976C096}
	EndGlobalSection
EndGlobal
